{
  "object": {
    "pins": [
      {
        "package": "COpenSSL",
        "repositoryURL": "https://github.com/PerfectlySoft/Perfect-COpenSSL.git",
        "state": {
          "branch": null,
          "revision": "6a2aafd5e233051deeaba27bdfe8c12d9fa88886",
          "version": "3.1.3"
        }
      },
      {
        "package": "PerfectCURL",
        "repositoryURL": "https://github.com/PerfectlySoft/Perfect-CURL.git",
        "state": {
          "branch": null,
          "revision": "3df2178ebd89330926ef523131101d2edebf8daf",
          "version": "3.0.2"
        }
      },
      {
        "package": "PerfectCZlib",
        "repositoryURL": "https://github.com/PerfectlySoft/Perfect-CZlib-src.git",
        "state": {
          "branch": null,
          "revision": "b63e46909aad937c6434766f8f8c6720d8f3bd05",
          "version": "0.0.4"
        }
      },
      {
        "package": "PerfectCrypto",
        "repositoryURL": "https://github.com/PerfectlySoft/Perfect-Crypto.git",
        "state": {
          "branch": null,
          "revision": "a0565cd234faee0167f5f0540ad71516efc11a0b",
          "version": "3.0.3"
        }
      },
      {
        "package": "PerfectHTTP",
        "repositoryURL": "https://github.com/PerfectlySoft/Perfect-HTTP.git",
        "state": {
          "branch": null,
          "revision": "de33aeb1730ff73da833e0c2b6eabf4c5cbae396",
          "version": "3.0.7"
        }
      },
      {
        "package": "PerfectHTTPServer",
        "repositoryURL": "https://github.com/PerfectlySoft/Perfect-HTTPServer.git",
        "state": {
          "branch": null,
          "revision": "c7ca425d062dca86eab3d6d14e4d91f6dc222db7",
          "version": "3.0.3"
        }
      },
      {
        "package": "PerfectLib",
        "repositoryURL": "https://github.com/PerfectlySoft/PerfectLib.git",
        "state": {
          "branch": null,
          "revision": "0ab139ad6001ad4c3bb1b9714f11168a74af8e79",
          "version": "3.0.3"
        }
      },
      {
        "package": "PerfectLogger",
        "repositoryURL": "https://github.com/PerfectlySoft/Perfect-Logger.git",
        "state": {
          "branch": null,
          "revision": "61b9f0f246e510731f1ed47d2492ac2a92a72c0b",
          "version": "3.0.4"
        }
      },
      {
        "package": "PerfectMustache",
        "repositoryURL": "https://github.com/PerfectlySoft/Perfect-Mustache.git",
        "state": {
          "branch": null,
          "revision": "60ab0b4d422478d6ddacb18860652e25b52e31fb",
          "version": "3.0.1"
        }
      },
      {
        "package": "PerfectNet",
        "repositoryURL": "https://github.com/PerfectlySoft/Perfect-Net.git",
        "state": {
          "branch": null,
          "revision": "5e137023e0373b3bdd46a5c80c3ec868fd1c383d",
          "version": "3.0.0"
        }
      },
      {
        "package": "PerfectRequestLogger",
        "repositoryURL": "https://github.com/PerfectlySoft/Perfect-RequestLogger.git",
        "state": {
          "branch": null,
          "revision": "925913ecb57b74e821ba9f21a909df9621c31d1a",
          "version": "3.0.1"
        }
      },
      {
        "package": "PerfectThread",
        "repositoryURL": "https://github.com/PerfectlySoft/Perfect-Thread.git",
        "state": {
          "branch": null,
          "revision": "1846390a47bfe0c5263bb70ba318b2bbe751ac95",
          "version": "3.0.2"
        }
      },
      {
        "package": "PerfectXML",
        "repositoryURL": "https://github.com/PerfectlySoft/Perfect-XML.git",
        "state": {
          "branch": null,
          "revision": "0b169ae3f15a60675b9fd4ca1e3592832fd94418",
          "version": "3.0.0"
        }
      },
      {
        "package": "PerfectZip",
        "repositoryURL": "https://github.com/PerfectlySoft/Perfect-Zip.git",
        "state": {
          "branch": null,
          "revision": "13cc4c99e20284a00795d81d3e92a99e6dbcdc69",
          "version": "3.0.2"
        }
      },
      {
        "package": "SwiftMoment",
        "repositoryURL": "https://github.com/iamjono/SwiftMoment.git",
        "state": {
          "branch": null,
          "revision": "2db870fe30d6ab327458df038a56727f23a3da18",
          "version": "1.0.0"
        }
      },
      {
        "package": "SwiftRandom",
        "repositoryURL": "https://github.com/iamjono/SwiftRandom.git",
        "state": {
          "branch": null,
          "revision": "fe3205f67aa6e8574acc08e9d7cd1fdcaecf49f1",
          "version": "0.2.5"
        }
      },
      {
        "package": "cURL",
        "repositoryURL": "https://github.com/PerfectlySoft/Perfect-libcurl.git",
        "state": {
          "branch": null,
          "revision": "672f6695d9ae04fce16ad01decef0649e0b872b0",
          "version": "2.0.6"
        }
      },
      {
        "package": "libxml2",
        "repositoryURL": "https://github.com/PerfectlySoft/Perfect-libxml2.git",
        "state": {
          "branch": null,
          "revision": "276b1e626240c797338beb95f8194c13695f5ba9",
          "version": "2.0.1"
        }
      }
    ]
  },
  "version": 1
}
